// !$*UTF8*$!
{
	archiveVersion = 1;
	classes = {
	};
	objectVersion = 77;
	objects = {

/* Begin PBXContainerItemProxy section */
		ADAA0D142E25BB9400CBF7EB /* PBXContainerItemProxy */ = {
			isa = PBXContainerItemProxy;
			containerPortal = ADAA0CFE2E25BB9300CBF7EB /* Project object */;
			proxyType = 1;
			remoteGlobalIDString = ADAA0D052E25BB9300CBF7EB;
			remoteInfo = amp;
		};
		ADAA0D1E2E25BB9400CBF7EB /* PBXContainerItemProxy */ = {
			isa = PBXContainerItemProxy;
			containerPortal = ADAA0CFE2E25BB9300CBF7EB /* Project object */;
			proxyType = 1;
			remoteGlobalIDString = ADAA0D052E25BB9300CBF7EB;
			remoteInfo = amp;
		};
/* End PBXContainerItemProxy section */

/* Begin PBXFileReference section */
		ADAA0D062E25BB9300CBF7EB /* amp.app */ = {isa = PBXFileReference; explicitFileType = wrapper.application; includeInIndex = 0; path = amp.app; sourceTree = BUILT_PRODUCTS_DIR; };
		ADAA0D132E25BB9400CBF7EB /* ampTests.xctest */ = {isa = PBXFileReference; explicitFileType = wrapper.cfbundle; includeInIndex = 0; path = ampTests.xctest; sourceTree = BUILT_PRODUCTS_DIR; };
		ADAA0D1D2E25BB9400CBF7EB /* ampUITests.xctest */ = {isa = PBXFileReference; explicitFileType = wrapper.cfbundle; includeInIndex = 0; path = ampUITests.xctest; sourceTree = BUILT_PRODUCTS_DIR; };
/* End PBXFileReference section */

/* Begin PBXFileSystemSynchronizedBuildFileExceptionSet section */
		ADAA0DA42E306C1400CBF7EB /* Exceptions for "amp" folder in "amp" target */ = {
			isa = PBXFileSystemSynchronizedBuildFileExceptionSet;
			membershipExceptions = (
				Info.plist,
			);
			target = ADAA0D052E25BB9300CBF7EB /* amp */;
		};
/* End PBXFileSystemSynchronizedBuildFileExceptionSet section */

/* Begin PBXFileSystemSynchronizedRootGroup section */
		ADAA0D082E25BB9300CBF7EB /* amp */ = {
			isa = PBXFileSystemSynchronizedRootGroup;
			exceptions = (
				ADAA0DA42E306C1400CBF7EB /* Exceptions for "amp" folder in "amp" target */,
			);
			path = amp;
			sourceTree = "<group>";
		};
		ADAA0D162E25BB9400CBF7EB /* ampTests */ = {
			isa = PBXFileSystemSynchronizedRootGroup;
			path = ampTests;
			sourceTree = "<group>";
		};
		ADAA0D202E25BB9400CBF7EB /* ampUITests */ = {
			isa = PBXFileSystemSynchronizedRootGroup;
			path = ampUITests;
			sourceTree = "<group>";
		};
/* End PBXFileSystemSynchronizedRootGroup section */

/* Begin PBXFrameworksBuildPhase section */
		ADAA0D032E25BB9300CBF7EB /* Frameworks */ = {
			isa = PBXFrameworksBuildPhase;
			buildActionMask = 2147483647;
			files = (
			);
			runOnlyForDeploymentPostprocessing = 0;
		};
		ADAA0D102E25BB9400CBF7EB /* Frameworks */ = {
			isa = PBXFrameworksBuildPhase;
			buildActionMask = 2147483647;
			files = (
			);
			runOnlyForDeploymentPostprocessing = 0;
		};
		ADAA0D1A2E25BB9400CBF7EB /* Frameworks */ = {
			isa = PBXFrameworksBuildPhase;
			buildActionMask = 2147483647;
			files = (
			);
			runOnlyForDeploymentPostprocessing = 0;
		};
/* End PBXFrameworksBuildPhase section */

/* Begin PBXGroup section */
		ADAA0CFD2E25BB9300CBF7EB = {
			isa = PBXGroup;
			children = (
				ADAA0D082E25BB9300CBF7EB /* amp */,
				ADAA0D162E25BB9400CBF7EB /* ampTests */,
				ADAA0D202E25BB9400CBF7EB /* ampUITests */,
				ADAA0D072E25BB9300CBF7EB /* Products */,
			);
			sourceTree = "<group>";
		};
		ADAA0D072E25BB9300CBF7EB /* Products */ = {
			isa = PBXGroup;
			children = (
				ADAA0D062E25BB9300CBF7EB /* amp.app */,
				ADAA0D132E25BB9400CBF7EB /* ampTests.xctest */,
				ADAA0D1D2E25BB9400CBF7EB /* ampUITests.xctest */,
			);
			name = Products;
			sourceTree = "<group>";
		};
/* End PBXGroup section */

/* Begin PBXNativeTarget section */
		ADAA0D052E25BB9300CBF7EB /* amp */ = {
			isa = PBXNativeTarget;
			buildConfigurationList = ADAA0D272E25BB9400CBF7EB /* Build configuration list for PBXNativeTarget "amp" */;
			buildPhases = (
				ADAA0D022E25BB9300CBF7EB /* Sources */,
				ADAA0D032E25BB9300CBF7EB /* Frameworks */,
				ADAA0D042E25BB9300CBF7EB /* Resources */,
			);
			buildRules = (
			);
			dependencies = (
			);
			fileSystemSynchronizedGroups = (
				ADAA0D082E25BB9300CBF7EB /* amp */,
			);
			name = amp;
			packageProductDependencies = (
			);
			productName = amp;
			productReference = ADAA0D062E25BB9300CBF7EB /* amp.app */;
			productType = "com.apple.product-type.application";
		};
		ADAA0D122E25BB9400CBF7EB /* ampTests */ = {
			isa = PBXNativeTarget;
			buildConfigurationList = ADAA0D2A2E25BB9400CBF7EB /* Build configuration list for PBXNativeTarget "ampTests" */;
			buildPhases = (
				ADAA0D0F2E25BB9400CBF7EB /* Sources */,
				ADAA0D102E25BB9400CBF7EB /* Frameworks */,
				ADAA0D112E25BB9400CBF7EB /* Resources */,
			);
			buildRules = (
			);
			dependencies = (
				ADAA0D152E25BB9400CBF7EB /* PBXTargetDependency */,
			);
			fileSystemSynchronizedGroups = (
				ADAA0D162E25BB9400CBF7EB /* ampTests */,
			);
			name = ampTests;
			packageProductDependencies = (
			);
			productName = ampTests;
			productReference = ADAA0D132E25BB9400CBF7EB /* ampTests.xctest */;
			productType = "com.apple.product-type.bundle.unit-test";
		};
		ADAA0D1C2E25BB9400CBF7EB /* ampUITests */ = {
			isa = PBXNativeTarget;
			buildConfigurationList = ADAA0D2D2E25BB9400CBF7EB /* Build configuration list for PBXNativeTarget "ampUITests" */;
			buildPhases = (
				ADAA0D192E25BB9400CBF7EB /* Sources */,
				ADAA0D1A2E25BB9400CBF7EB /* Frameworks */,
				ADAA0D1B2E25BB9400CBF7EB /* Resources */,
			);
			buildRules = (
			);
			dependencies = (
				ADAA0D1F2E25BB9400CBF7EB /* PBXTargetDependency */,
			);
			fileSystemSynchronizedGroups = (
				ADAA0D202E25BB9400CBF7EB /* ampUITests */,
			);
			name = ampUITests;
			packageProductDependencies = (
			);
			productName = ampUITests;
			productReference = ADAA0D1D2E25BB9400CBF7EB /* ampUITests.xctest */;
			productType = "com.apple.product-type.bundle.ui-testing";
		};
/* End PBXNativeTarget section */

/* Begin PBXProject section */
		ADAA0CFE2E25BB9300CBF7EB /* Project object */ = {
			isa = PBXProject;
			attributes = {
				BuildIndependentTargetsInParallel = 1;
				LastSwiftUpdateCheck = 1640;
				LastUpgradeCheck = 1640;
				TargetAttributes = {
					ADAA0D052E25BB9300CBF7EB = {
						CreatedOnToolsVersion = 16.4;
					};
					ADAA0D122E25BB9400CBF7EB = {
						CreatedOnToolsVersion = 16.4;
						TestTargetID = ADAA0D052E25BB9300CBF7EB;
					};
					ADAA0D1C2E25BB9400CBF7EB = {
						CreatedOnToolsVersion = 16.4;
						TestTargetID = ADAA0D052E25BB9300CBF7EB;
					};
				};
			};
			buildConfigurationList = ADAA0D012E25BB9300CBF7EB /* Build configuration list for PBXProject "amp" */;
			developmentRegion = en;
			hasScannedForEncodings = 0;
			knownRegions = (
				en,
				Base,
			);
			mainGroup = ADAA0CFD2E25BB9300CBF7EB;
			minimizedProjectReferenceProxies = 1;
			preferredProjectObjectVersion = 77;
			productRefGroup = ADAA0D072E25BB9300CBF7EB /* Products */;
			projectDirPath = "";
			projectRoot = "";
			targets = (
				ADAA0D052E25BB9300CBF7EB /* amp */,
				ADAA0D122E25BB9400CBF7EB /* ampTests */,
				ADAA0D1C2E25BB9400CBF7EB /* ampUITests */,
			);
		};
/* End PBXProject section */

/* Begin PBXResourcesBuildPhase section */
		ADAA0D042E25BB9300CBF7EB /* Resources */ = {
			isa = PBXResourcesBuildPhase;
			buildActionMask = 2147483647;
			files = (
			);
			runOnlyForDeploymentPostprocessing = 0;
		};
		ADAA0D112E25BB9400CBF7EB /* Resources */ = {
			isa = PBXResourcesBuildPhase;
			buildActionMask = 2147483647;
			files = (
			);
			runOnlyForDeploymentPostprocessing = 0;
		};
		ADAA0D1B2E25BB9400CBF7EB /* Resources */ = {
			isa = PBXResourcesBuildPhase;
			buildActionMask = 2147483647;
			files = (
			);
			runOnlyForDeploymentPostprocessing = 0;
		};
/* End PBXResourcesBuildPhase section */

/* Begin PBXSourcesBuildPhase section */
		ADAA0D022E25BB9300CBF7EB /* Sources */ = {
			isa = PBXSourcesBuildPhase;
			buildActionMask = 2147483647;
			files = (
			);
			runOnlyForDeploymentPostprocessing = 0;
		};
		ADAA0D0F2E25BB9400CBF7EB /* Sources */ = {
			isa = PBXSourcesBuildPhase;
			buildActionMask = 2147483647;
			files = (
			);
			runOnlyForDeploymentPostprocessing = 0;
		};
		ADAA0D192E25BB9400CBF7EB /* Sources */ = {
			isa = PBXSourcesBuildPhase;
			buildActionMask = 2147483647;
			files = (
			);
			runOnlyForDeploymentPostprocessing = 0;
		};
/* End PBXSourcesBuildPhase section */

/* Begin PBXTargetDependency section */
		ADAA0D152E25BB9400CBF7EB /* PBXTargetDependency */ = {
			isa = PBXTargetDependency;
			target = ADAA0D052E25BB9300CBF7EB /* amp */;
			targetProxy = ADAA0D142E25BB9400CBF7EB /* PBXContainerItemProxy */;
		};
		ADAA0D1F2E25BB9400CBF7EB /* PBXTargetDependency */ = {
			isa = PBXTargetDependency;
			target = ADAA0D052E25BB9300CBF7EB /* amp */;
			targetProxy = ADAA0D1E2E25BB9400CBF7EB /* PBXContainerItemProxy */;
		};
/* End PBXTargetDependency section */

/* Begin XCBuildConfiguration section */
		ADAA0D252E25BB9400CBF7EB /* Debug */ = {
			isa = XCBuildConfiguration;
			buildSettings = {
				ALWAYS_SEARCH_USER_PATHS = NO;
				ASSETCATALOG_COMPILER_GENERATE_SWIFT_ASSET_SYMBOL_EXTENSIONS = YES;
				CLANG_ANALYZER_NONNULL = YES;
				CLANG_ANALYZER_NUMBER_OBJECT_CONVERSION = YES_AGGRESSIVE;
				CLANG_CXX_LANGUAGE_STANDARD = "gnu++20";
				CLANG_ENABLE_MODULES = YES;
				CLANG_ENABLE_OBJC_ARC = YES;
				CLANG_ENABLE_OBJC_WEAK = YES;
				CLANG_WARN_BLOCK_CAPTURE_AUTORELEASING = YES;
				CLANG_WARN_BOOL_CONVERSION = YES;
				CLANG_WARN_COMMA = YES;
				CLANG_WARN_CONSTANT_CONVERSION = YES;
				CLANG_WARN_DEPRECATED_OBJC_IMPLEMENTATIONS = YES;
				CLANG_WARN_DIRECT_OBJC_ISA_USAGE = YES_ERROR;
				CLANG_WARN_DOCUMENTATION_COMMENTS = YES;
				CLANG_WARN_EMPTY_BODY = YES;
				CLANG_WARN_ENUM_CONVERSION = YES;
				CLANG_WARN_INFINITE_RECURSION = YES;
				CLANG_WARN_INT_CONVERSION = YES;
				CLANG_WARN_NON_LITERAL_NULL_CONVERSION = YES;
				CLANG_WARN_OBJC_IMPLICIT_RETAIN_SELF = YES;
				CLANG_WARN_OBJC_LITERAL_CONVERSION = YES;
				CLANG_WARN_OBJC_ROOT_CLASS = YES_ERROR;
				CLANG_WARN_QUOTED_INCLUDE_IN_FRAMEWORK_HEADER = YES;
				CLANG_WARN_RANGE_LOOP_ANALYSIS = YES;
				CLANG_WARN_STRICT_PROTOTYPES = YES;
				CLANG_WARN_SUSPICIOUS_MOVE = YES;
				CLANG_WARN_UNGUARDED_AVAILABILITY = YES_AGGRESSIVE;
				CLANG_WARN_UNREACHABLE_CODE = YES;
				CLANG_WARN__DUPLICATE_METHOD_MATCH = YES;
				COPY_PHASE_STRIP = NO;
				DEBUG_INFORMATION_FORMAT = dwarf;
				ENABLE_STRICT_OBJC_MSGSEND = YES;
				ENABLE_TESTABILITY = YES;
				ENABLE_USER_SCRIPT_SANDBOXING = YES;
				GCC_C_LANGUAGE_STANDARD = gnu17;
				GCC_DYNAMIC_NO_PIC = NO;
				GCC_NO_COMMON_BLOCKS = YES;
				GCC_OPTIMIZATION_LEVEL = 0;
				GCC_PREPROCESSOR_DEFINITIONS = (
					"DEBUG=1",
					"$(inherited)",
				);
				GCC_WARN_64_TO_32_BIT_CONVERSION = YES;
				GCC_WARN_ABOUT_RETURN_TYPE = YES_ERROR;
				GCC_WARN_UNDECLARED_SELECTOR = YES;
				GCC_WARN_UNINITIALIZED_AUTOS = YES_AGGRESSIVE;
				GCC_WARN_UNUSED_FUNCTION = YES;
				GCC_WARN_UNUSED_VARIABLE = YES;
				IPHONEOS_DEPLOYMENT_TARGET = 18.5;
				LOCALIZATION_PREFERS_STRING_CATALOGS = YES;
				MTL_ENABLE_DEBUG_INFO = INCLUDE_SOURCE;
				MTL_FAST_MATH = YES;
				ONLY_ACTIVE_ARCH = YES;
				SDKROOT = iphoneos;
				SWIFT_ACTIVE_COMPILATION_CONDITIONS = "DEBUG $(inherited)";
				SWIFT_OPTIMIZATION_LEVEL = "-Onone";
			};
			name = Debug;
		};
		ADAA0D262E25BB9400CBF7EB /* Release */ = {
			isa = XCBuildConfiguration;
			buildSettings = {
				ALWAYS_SEARCH_USER_PATHS = NO;
				ASSETCATALOG_COMPILER_GENERATE_SWIFT_ASSET_SYMBOL_EXTENSIONS = YES;
				CLANG_ANALYZER_NONNULL = YES;
				CLANG_ANALYZER_NUMBER_OBJECT_CONVERSION = YES_AGGRESSIVE;
				CLANG_CXX_LANGUAGE_STANDARD = "gnu++20";
				CLANG_ENABLE_MODULES = YES;
				CLANG_ENABLE_OBJC_ARC = YES;
				CLANG_ENABLE_OBJC_WEAK = YES;
				CLANG_WARN_BLOCK_CAPTURE_AUTORELEASING = YES;
				CLANG_WARN_BOOL_CONVERSION = YES;
				CLANG_WARN_COMMA = YES;
				CLANG_WARN_CONSTANT_CONVERSION = YES;
				CLANG_WARN_DEPRECATED_OBJC_IMPLEMENTATIONS = YES;
				CLANG_WARN_DIRECT_OBJC_ISA_USAGE = YES_ERROR;
				CLANG_WARN_DOCUMENTATION_COMMENTS = YES;
				CLANG_WARN_EMPTY_BODY = YES;
				CLANG_WARN_ENUM_CONVERSION = YES;
				CLANG_WARN_INFINITE_RECURSION = YES;
				CLANG_WARN_INT_CONVERSION = YES;
				CLANG_WARN_NON_LITERAL_NULL_CONVERSION = YES;
				CLANG_WARN_OBJC_IMPLICIT_RETAIN_SELF = YES;
				CLANG_WARN_OBJC_LITERAL_CONVERSION = YES;
				CLANG_WARN_OBJC_ROOT_CLASS = YES_ERROR;
				CLANG_WARN_QUOTED_INCLUDE_IN_FRAMEWORK_HEADER = YES;
				CLANG_WARN_RANGE_LOOP_ANALYSIS = YES;
				CLANG_WARN_STRICT_PROTOTYPES = YES;
				CLANG_WARN_SUSPICIOUS_MOVE = YES;
				CLANG_WARN_UNGUARDED_AVAILABILITY = YES_AGGRESSIVE;
				CLANG_WARN_UNREACHABLE_CODE = YES;
				CLANG_WARN__DUPLICATE_METHOD_MATCH = YES;
				COPY_PHASE_STRIP = NO;
				DEBUG_INFORMATION_FORMAT = "dwarf-with-dsym";
				ENABLE_NS_ASSERTIONS = NO;
				ENABLE_STRICT_OBJC_MSGSEND = YES;
				ENABLE_USER_SCRIPT_SANDBOXING = YES;
				GCC_C_LANGUAGE_STANDARD = gnu17;
				GCC_NO_COMMON_BLOCKS = YES;
				GCC_WARN_64_TO_32_BIT_CONVERSION = YES;
				GCC_WARN_ABOUT_RETURN_TYPE = YES_ERROR;
				GCC_WARN_UNDECLARED_SELECTOR = YES;
				GCC_WARN_UNINITIALIZED_AUTOS = YES_AGGRESSIVE;
				GCC_WARN_UNUSED_FUNCTION = YES;
				GCC_WARN_UNUSED_VARIABLE = YES;
				IPHONEOS_DEPLOYMENT_TARGET = 18.5;
				LOCALIZATION_PREFERS_STRING_CATALOGS = YES;
				MTL_ENABLE_DEBUG_INFO = NO;
				MTL_FAST_MATH = YES;
				SDKROOT = iphoneos;
				SWIFT_COMPILATION_MODE = wholemodule;
				VALIDATE_PRODUCT = YES;
			};
			name = Release;
		};
		ADAA0D282E25BB9400CBF7EB /* Debug */ = {
			isa = XCBuildConfiguration;
			buildSettings = {
				ASSETCATALOG_COMPILER_APPICON_NAME = AppIcon;
				ASSETCATALOG_COMPILER_GLOBAL_ACCENT_COLOR_NAME = AccentColor;
				CODE_SIGN_STYLE = Automatic;
				CURRENT_PROJECT_VERSION = 1;
				DEVELOPMENT_TEAM = DH9ZAPKVXC;
				ENABLE_PREVIEWS = YES;
				GENERATE_INFOPLIST_FILE = YES;
				INFOPLIST_FILE = amp/Info.plist;
				INFOPLIST_KEY_LSApplicationCategoryType = "public.app-category.music";
				INFOPLIST_KEY_NSAppleMusicUsageDescription = "his app needs access to your library to play music.";
				INFOPLIST_KEY_UIApplicationSceneManifest_Generation = YES;
				INFOPLIST_KEY_UIApplicationSupportsIndirectInputEvents = YES;
				INFOPLIST_KEY_UILaunchScreen_Generation = YES;
				INFOPLIST_KEY_UISupportedInterfaceOrientations = UIInterfaceOrientationPortrait;
				INFOPLIST_KEY_UISupportedInterfaceOrientations_iPad = "UIInterfaceOrientationLandscapeLeft UIInterfaceOrientationLandscapeRight UIInterfaceOrientationPortrait UIInterfaceOrientationPortraitUpsideDown";
				LD_RUNPATH_SEARCH_PATHS = (
					"$(inherited)",
					"@executable_path/Frameworks",
				);
				MARKETING_VERSION = 1.0;
				PRODUCT_BUNDLE_IDENTIFIER = j0nathanb.amp;
				PRODUCT_NAME = "$(TARGET_NAME)";
				SUPPORTED_PLATFORMS = "iphoneos iphonesimulator";
				SUPPORTS_MACCATALYST = NO;
				SUPPORTS_MAC_DESIGNED_FOR_IPHONE_IPAD = NO;
				SUPPORTS_XR_DESIGNED_FOR_IPHONE_IPAD = NO;
				SWIFT_EMIT_LOC_STRINGS = YES;
				SWIFT_VERSION = 5.0;
				TARGETED_DEVICE_FAMILY = 1;
			};
			name = Debug;
		};
		ADAA0D292E25BB9400CBF7EB /* Release */ = {
			isa = XCBuildConfiguration;
			buildSettings = {
				ASSETCATALOG_COMPILER_APPICON_NAME = AppIcon;
				ASSETCATALOG_COMPILER_GLOBAL_ACCENT_COLOR_NAME = AccentColor;
				CODE_SIGN_STYLE = Automatic;
				CURRENT_PROJECT_VERSION = 1;
				DEVELOPMENT_TEAM = DH9ZAPKVXC;
				ENABLE_PREVIEWS = YES;
				GENERATE_INFOPLIST_FILE = YES;
				INFOPLIST_FILE = amp/Info.plist;
				INFOPLIST_KEY_LSApplicationCategoryType = "public.app-category.music";
				INFOPLIST_KEY_NSAppleMusicUsageDescription = "his app needs access to your library to play music.";
				INFOPLIST_KEY_UIApplicationSceneManifest_Generation = YES;
				INFOPLIST_KEY_UIApplicationSupportsIndirectInputEvents = YES;
				INFOPLIST_KEY_UILaunchScreen_Generation = YES;
				INFOPLIST_KEY_UISupportedInterfaceOrientations = UIInterfaceOrientationPortrait;
				INFOPLIST_KEY_UISupportedInterfaceOrientations_iPad = "UIInterfaceOrientationLandscapeLeft UIInterfaceOrientationLandscapeRight UIInterfaceOrientationPortrait UIInterfaceOrientationPortraitUpsideDown";
				LD_RUNPATH_SEARCH_PATHS = (
					"$(inherited)",
					"@executable_path/Frameworks",
				);
				MARKETING_VERSION = 1.0;
				PRODUCT_BUNDLE_IDENTIFIER = j0nathanb.amp;
				PRODUCT_NAME = "$(TARGET_NAME)";
				SUPPORTED_PLATFORMS = "iphoneos iphonesimulator";
				SUPPORTS_MACCATALYST = NO;
				SUPPORTS_MAC_DESIGNED_FOR_IPHONE_IPAD = NO;
				SUPPORTS_XR_DESIGNED_FOR_IPHONE_IPAD = NO;
				SWIFT_EMIT_LOC_STRINGS = YES;
				SWIFT_VERSION = 5.0;
				TARGETED_DEVICE_FAMILY = 1;
			};
			name = Release;
		};
		ADAA0D2B2E25BB9400CBF7EB /* Debug */ = {
			isa = XCBuildConfiguration;
			buildSettings = {
				BUNDLE_LOADER = "$(TEST_HOST)";
				CODE_SIGN_STYLE = Automatic;
				CURRENT_PROJECT_VERSION = 1;
				GENERATE_INFOPLIST_FILE = YES;
				IPHONEOS_DEPLOYMENT_TARGET = 18.5;
				MARKETING_VERSION = 1.0;
				PRODUCT_BUNDLE_IDENTIFIER = j0nathanb.ampTests;
				PRODUCT_NAME = "$(TARGET_NAME)";
				SWIFT_EMIT_LOC_STRINGS = NO;
				SWIFT_VERSION = 5.0;
				TARGETED_DEVICE_FAMILY = "1,2";
				TEST_HOST = "$(BUILT_PRODUCTS_DIR)/amp.app/$(BUNDLE_EXECUTABLE_FOLDER_PATH)/amp";
			};
			name = Debug;
		};
		ADAA0D2C2E25BB9400CBF7EB /* Release */ = {
			isa = XCBuildConfiguration;
			buildSettings = {
				BUNDLE_LOADER = "$(TEST_HOST)";
				CODE_SIGN_STYLE = Automatic;
				CURRENT_PROJECT_VERSION = 1;
				GENERATE_INFOPLIST_FILE = YES;
				IPHONEOS_DEPLOYMENT_TARGET = 18.5;
				MARKETING_VERSION = 1.0;
				PRODUCT_BUNDLE_IDENTIFIER = j0nathanb.ampTests;
				PRODUCT_NAME = "$(TARGET_NAME)";
				SWIFT_EMIT_LOC_STRINGS = NO;
				SWIFT_VERSION = 5.0;
				TARGETED_DEVICE_FAMILY = "1,2";
				TEST_HOST = "$(BUILT_PRODUCTS_DIR)/amp.app/$(BUNDLE_EXECUTABLE_FOLDER_PATH)/amp";
			};
			name = Release;
		};
		ADAA0D2E2E25BB9400CBF7EB /* Debug */ = {
			isa = XCBuildConfiguration;
			buildSettings = {
				CODE_SIGN_STYLE = Automatic;
				CURRENT_PROJECT_VERSION = 1;
				GENERATE_INFOPLIST_FILE = YES;
				MARKETING_VERSION = 1.0;
				PRODUCT_BUNDLE_IDENTIFIER = j0nathanb.ampUITests;
				PRODUCT_NAME = "$(TARGET_NAME)";
				SWIFT_EMIT_LOC_STRINGS = NO;
				SWIFT_VERSION = 5.0;
				TARGETED_DEVICE_FAMILY = "1,2";
				TEST_TARGET_NAME = amp;
			};
			name = Debug;
		};
		ADAA0D2F2E25BB9400CBF7EB /* Release */ = {
			isa = XCBuildConfiguration;
			buildSettings = {
				CODE_SIGN_STYLE = Automatic;
				CURRENT_PROJECT_VERSION = 1;
				GENERATE_INFOPLIST_FILE = YES;
				MARKETING_VERSION = 1.0;
				PRODUCT_BUNDLE_IDENTIFIER = j0nathanb.ampUITests;
				PRODUCT_NAME = "$(TARGET_NAME)";
				SWIFT_EMIT_LOC_STRINGS = NO;
				SWIFT_VERSION = 5.0;
				TARGETED_DEVICE_FAMILY = "1,2";
				TEST_TARGET_NAME = amp;
			};
			name = Release;
		};
/* End XCBuildConfiguration section */

/* Begin XCConfigurationList section */
		ADAA0D012E25BB9300CBF7EB /* Build configuration list for PBXProject "amp" */ = {
			isa = XCConfigurationList;
			buildConfigurations = (
				ADAA0D252E25BB9400CBF7EB /* Debug */,
				ADAA0D262E25BB9400CBF7EB /* Release */,
			);
			defaultConfigurationIsVisible = 0;
			defaultConfigurationName = Release;
		};
		ADAA0D272E25BB9400CBF7EB /* Build configuration list for PBXNativeTarget "amp" */ = {
			isa = XCConfigurationList;
			buildConfigurations = (
				ADAA0D282E25BB9400CBF7EB /* Debug */,
				ADAA0D292E25BB9400CBF7EB /* Release */,
			);
			defaultConfigurationIsVisible = 0;
			defaultConfigurationName = Release;
		};
		ADAA0D2A2E25BB9400CBF7EB /* Build configuration list for PBXNativeTarget "ampTests" */ = {
			isa = XCConfigurationList;
			buildConfigurations = (
				ADAA0D2B2E25BB9400CBF7EB /* Debug */,
				ADAA0D2C2E25BB9400CBF7EB /* Release */,
			);
			defaultConfigurationIsVisible = 0;
			defaultConfigurationName = Release;
		};
		ADAA0D2D2E25BB9400CBF7EB /* Build configuration list for PBXNativeTarget "ampUITests" */ = {
			isa = XCConfigurationList;
			buildConfigurations = (
				ADAA0D2E2E25BB9400CBF7EB /* Debug */,
				ADAA0D2F2E25BB9400CBF7EB /* Release */,
			);
			defaultConfigurationIsVisible = 0;
			defaultConfigurationName = Release;
		};
/* End XCConfigurationList section */
	};
	rootObject = ADAA0CFE2E25BB9300CBF7EB /* Project object */;
}
